
Microsoft Visual Studio Solution File, Format Version 12.00
# Visual Studio Version 16
VisualStudioVersion = 16.0.30907.101
MinimumVisualStudioVersion = 10.0.40219.1
Project("{8BC9CEB8-8B4A-11D0-8D11-00A0C91BC942}") = "TP2Q4", "TP2Q4\TP2Q4.vcxproj", "{009FF5EE-37A5-482E-8A28-17BDE71B2C1A}"
EndProject
Global
	GlobalSection(SolutionConfigurationPlatforms) = preSolution
		Debug|x64 = Debug|x64
		Debug|x86 = Debug|x86
		Release|x64 = Release|x64
		Release|x86 = Release|x86
	EndGlobalSection
	GlobalSection(ProjectConfigurationPlatforms) = postSolution
		{009FF5EE-37A5-482E-8A28-17BDE71B2C1A}.Debug|x64.ActiveCfg = Debug|x64
		{009FF5EE-37A5-482E-8A28-17BDE71B2C1A}.Debug|x64.Build.0 = Debug|x64
		{009FF5EE-37A5-482E-8A28-17BDE71B2C1A}.Debug|x86.ActiveCfg = Debug|Win32
		{009FF5EE-37A5-482E-8A28-17BDE71B2C1A}.Debug|x86.Build.0 = Debug|Win32
		{009FF5EE-37A5-482E-8A28-17BDE71B2C1A}.Release|x64.ActiveCfg = Release|x64
		{009FF5EE-37A5-482E-8A28-17BDE71B2C1A}.Release|x64.Build.0 = Release|x64
		{009FF5EE-37A5-482E-8A28-17BDE71B2C1A}.Release|x86.ActiveCfg = Release|Win32
		{009FF5EE-37A5-482E-8A28-17BDE71B2C1A}.Release|x86.Build.0 = Release|Win32
	EndGlobalSection
	GlobalSection(SolutionProperties) = preSolution
		HideSolutionNode = FALSE
	EndGlobalSection
	GlobalSection(ExtensibilityGlobals) = postSolution
		SolutionGuid = {BE4EA133-3285-457B-BF26-5AA5960B4859}
	EndGlobalSection
EndGlobal
